
Microsoft Visual Studio Solution File, Format Version 12.00
# Visual Studio Version 16
VisualStudioVersion = 16.0.31005.135
MinimumVisualStudioVersion = 10.0.40219.1
Project("{8BC9CEB8-8B4A-11D0-8D11-00A0C91BC942}") = "Cpp_WindowsProject_VS2019", "Cpp_WindowsProject_VS2019\Cpp_WindowsProject_VS2019.vcxproj", "{F7AFFE1E-EA89-4849-9F18-160E1A1BF406}"
EndProject
Project("{F184B08F-C81C-45F6-A57F-5ABD9991F28F}") = "VB_OldStyleProject_ClassLibrary", "VB_OldStyleProject_ClassLibrary\VB_OldStyleProject_ClassLibrary.vbproj", "{8FF8FDDC-0D3F-49B0-B9F1-33DF184E293B}"
EndProject
Project("{9A19103F-16F7-4668-BE54-9A1E7A4F7556}") = "CSharp_SDKStyleProject_ConsoleApp", "CSharp_SDKStyleProject_ConsoleApp\CSharp_SDKStyleProject_ConsoleApp.csproj", "{954ACC22-78FF-4517-ADD8-202047948DBA}"
EndProject
Global
	GlobalSection(SolutionConfigurationPlatforms) = preSolution
		Debug|Any CPU = Debug|Any CPU
		Debug|x64 = Debug|x64
		Debug|x86 = Debug|x86
		Release|Any CPU = Release|Any CPU
		Release|x64 = Release|x64
		Release|x86 = Release|x86
	EndGlobalSection
	GlobalSection(ProjectConfigurationPlatforms) = postSolution
		{F7AFFE1E-EA89-4849-9F18-160E1A1BF406}.Debug|Any CPU.ActiveCfg = Debug|Win32
		{F7AFFE1E-EA89-4849-9F18-160E1A1BF406}.Debug|Any CPU.Build.0 = Debug|Win32
		{F7AFFE1E-EA89-4849-9F18-160E1A1BF406}.Debug|x64.ActiveCfg = Debug|x64
		{F7AFFE1E-EA89-4849-9F18-160E1A1BF406}.Debug|x64.Build.0 = Debug|x64
		{F7AFFE1E-EA89-4849-9F18-160E1A1BF406}.Debug|x86.ActiveCfg = Debug|Win32
		{F7AFFE1E-EA89-4849-9F18-160E1A1BF406}.Debug|x86.Build.0 = Debug|Win32
		{F7AFFE1E-EA89-4849-9F18-160E1A1BF406}.Release|Any CPU.ActiveCfg = Release|Win32
		{F7AFFE1E-EA89-4849-9F18-160E1A1BF406}.Release|x64.ActiveCfg = Release|x64
		{F7AFFE1E-EA89-4849-9F18-160E1A1BF406}.Release|x64.Build.0 = Release|x64
		{F7AFFE1E-EA89-4849-9F18-160E1A1BF406}.Release|x86.ActiveCfg = Release|Win32
		{F7AFFE1E-EA89-4849-9F18-160E1A1BF406}.Release|x86.Build.0 = Release|Win32
		{8FF8FDDC-0D3F-49B0-B9F1-33DF184E293B}.Debug|Any CPU.ActiveCfg = Debug|Any CPU
		{8FF8FDDC-0D3F-49B0-B9F1-33DF184E293B}.Debug|Any CPU.Build.0 = Debug|Any CPU
		{8FF8FDDC-0D3F-49B0-B9F1-33DF184E293B}.Debug|x64.ActiveCfg = Debug|Any CPU
		{8FF8FDDC-0D3F-49B0-B9F1-33DF184E293B}.Debug|x64.Build.0 = Debug|Any CPU
		{8FF8FDDC-0D3F-49B0-B9F1-33DF184E293B}.Debug|x86.ActiveCfg = Debug|Any CPU
		{8FF8FDDC-0D3F-49B0-B9F1-33DF184E293B}.Debug|x86.Build.0 = Debug|Any CPU
		{8FF8FDDC-0D3F-49B0-B9F1-33DF184E293B}.Release|Any CPU.ActiveCfg = Release|Any CPU
		{8FF8FDDC-0D3F-49B0-B9F1-33DF184E293B}.Release|Any CPU.Build.0 = Release|Any CPU
		{8FF8FDDC-0D3F-49B0-B9F1-33DF184E293B}.Release|x64.ActiveCfg = Release|Any CPU
		{8FF8FDDC-0D3F-49B0-B9F1-33DF184E293B}.Release|x64.Build.0 = Release|Any CPU
		{8FF8FDDC-0D3F-49B0-B9F1-33DF184E293B}.Release|x86.ActiveCfg = Release|Any CPU
		{8FF8FDDC-0D3F-49B0-B9F1-33DF184E293B}.Release|x86.Build.0 = Release|Any CPU
		{954ACC22-78FF-4517-ADD8-202047948DBA}.Debug|Any CPU.ActiveCfg = Debug|Any CPU
		{954ACC22-78FF-4517-ADD8-202047948DBA}.Debug|Any CPU.Build.0 = Debug|Any CPU
		{954ACC22-78FF-4517-ADD8-202047948DBA}.Debug|x64.ActiveCfg = Debug|Any CPU
		{954ACC22-78FF-4517-ADD8-202047948DBA}.Debug|x64.Build.0 = Debug|Any CPU
		{954ACC22-78FF-4517-ADD8-202047948DBA}.Debug|x86.ActiveCfg = Debug|Any CPU
		{954ACC22-78FF-4517-ADD8-202047948DBA}.Debug|x86.Build.0 = Debug|Any CPU
		{954ACC22-78FF-4517-ADD8-202047948DBA}.Release|Any CPU.ActiveCfg = Release|Any CPU
		{954ACC22-78FF-4517-ADD8-202047948DBA}.Release|Any CPU.Build.0 = Release|Any CPU
		{954ACC22-78FF-4517-ADD8-202047948DBA}.Release|x64.ActiveCfg = Release|Any CPU
		{954ACC22-78FF-4517-ADD8-202047948DBA}.Release|x64.Build.0 = Release|Any CPU
		{954ACC22-78FF-4517-ADD8-202047948DBA}.Release|x86.ActiveCfg = Release|Any CPU
		{954ACC22-78FF-4517-ADD8-202047948DBA}.Release|x86.Build.0 = Release|Any CPU
	EndGlobalSection
	GlobalSection(SolutionProperties) = preSolution
		HideSolutionNode = FALSE
	EndGlobalSection
	GlobalSection(ExtensibilityGlobals) = postSolution
		SolutionGuid = {16D61553-EFD1-4D53-8DEE-BF32B410F081}
	EndGlobalSection
EndGlobal
